// !$*UTF8*$!
{
	archiveVersion = 1;
	classes = {
	};
	objectVersion = 56;
	objects = {

/* Begin PBXBuildFile section */
		B92C98D42C2F70470064C19B /* FetchChallengeApp.swift in Sources */ = {isa = PBXBuildFile; fileRef = B92C98D32C2F70470064C19B /* FetchChallengeApp.swift */; };
		B92C98D62C2F70470064C19B /* MenuView.swift in Sources */ = {isa = PBXBuildFile; fileRef = B92C98D52C2F70470064C19B /* MenuView.swift */; };
		B92C98D82C2F70470064C19B /* Assets.xcassets in Resources */ = {isa = PBXBuildFile; fileRef = B92C98D72C2F70470064C19B /* Assets.xcassets */; };
		B92C98DB2C2F70470064C19B /* Preview Assets.xcassets in Resources */ = {isa = PBXBuildFile; fileRef = B92C98DA2C2F70470064C19B /* Preview Assets.xcassets */; };
		B92C98E22C2F70D10064C19B /* Meal.swift in Sources */ = {isa = PBXBuildFile; fileRef = B92C98E12C2F70D10064C19B /* Meal.swift */; };
		B92C98E42C2F71F60064C19B /* MealCellView.swift in Sources */ = {isa = PBXBuildFile; fileRef = B92C98E32C2F71F60064C19B /* MealCellView.swift */; };
		B92C98E62C2F78200064C19B /* FCError.swift in Sources */ = {isa = PBXBuildFile; fileRef = B92C98E52C2F78200064C19B /* FCError.swift */; };
		B92C98E82C2F79470064C19B /* NetworkManager.swift in Sources */ = {isa = PBXBuildFile; fileRef = B92C98E72C2F79470064C19B /* NetworkManager.swift */; };
		B92C98EF2C2F86600064C19B /* CachedAsyncImage in Frameworks */ = {isa = PBXBuildFile; productRef = B92C98EE2C2F86600064C19B /* CachedAsyncImage */; };
		B92C98F12C2F921D0064C19B /* MealDetailView.swift in Sources */ = {isa = PBXBuildFile; fileRef = B92C98F02C2F921D0064C19B /* MealDetailView.swift */; };
		B92C98F32C3266780064C19B /* SettingsView.swift in Sources */ = {isa = PBXBuildFile; fileRef = B92C98F22C3266780064C19B /* SettingsView.swift */; };
/* End PBXBuildFile section */

/* Begin PBXFileReference section */
		B92C98D02C2F70470064C19B /* FetchChallenge.app */ = {isa = PBXFileReference; explicitFileType = wrapper.application; includeInIndex = 0; path = FetchChallenge.app; sourceTree = BUILT_PRODUCTS_DIR; };
		B92C98D32C2F70470064C19B /* FetchChallengeApp.swift */ = {isa = PBXFileReference; lastKnownFileType = sourcecode.swift; path = FetchChallengeApp.swift; sourceTree = "<group>"; };
		B92C98D52C2F70470064C19B /* MenuView.swift */ = {isa = PBXFileReference; lastKnownFileType = sourcecode.swift; path = MenuView.swift; sourceTree = "<group>"; };
		B92C98D72C2F70470064C19B /* Assets.xcassets */ = {isa = PBXFileReference; lastKnownFileType = folder.assetcatalog; path = Assets.xcassets; sourceTree = "<group>"; };
		B92C98DA2C2F70470064C19B /* Preview Assets.xcassets */ = {isa = PBXFileReference; lastKnownFileType = folder.assetcatalog; path = "Preview Assets.xcassets"; sourceTree = "<group>"; };
		B92C98E12C2F70D10064C19B /* Meal.swift */ = {isa = PBXFileReference; lastKnownFileType = sourcecode.swift; path = Meal.swift; sourceTree = "<group>"; };
		B92C98E32C2F71F60064C19B /* MealCellView.swift */ = {isa = PBXFileReference; lastKnownFileType = sourcecode.swift; path = MealCellView.swift; sourceTree = "<group>"; };
		B92C98E52C2F78200064C19B /* FCError.swift */ = {isa = PBXFileReference; lastKnownFileType = sourcecode.swift; path = FCError.swift; sourceTree = "<group>"; };
		B92C98E72C2F79470064C19B /* NetworkManager.swift */ = {isa = PBXFileReference; lastKnownFileType = sourcecode.swift; path = NetworkManager.swift; sourceTree = "<group>"; };
		B92C98F02C2F921D0064C19B /* MealDetailView.swift */ = {isa = PBXFileReference; lastKnownFileType = sourcecode.swift; path = MealDetailView.swift; sourceTree = "<group>"; };
		B92C98F22C3266780064C19B /* SettingsView.swift */ = {isa = PBXFileReference; lastKnownFileType = sourcecode.swift; path = SettingsView.swift; sourceTree = "<group>"; };
/* End PBXFileReference section */

/* Begin PBXFrameworksBuildPhase section */
		B92C98CD2C2F70470064C19B /* Frameworks */ = {
			isa = PBXFrameworksBuildPhase;
			buildActionMask = 2147483647;
			files = (
				B92C98EF2C2F86600064C19B /* CachedAsyncImage in Frameworks */,
			);
			runOnlyForDeploymentPostprocessing = 0;
		};
/* End PBXFrameworksBuildPhase section */

/* Begin PBXGroup section */
		B92C98C72C2F70470064C19B = {
			isa = PBXGroup;
			children = (
				B92C98D22C2F70470064C19B /* FetchChallenge */,
				B92C98D12C2F70470064C19B /* Products */,
			);
			sourceTree = "<group>";
		};
		B92C98D12C2F70470064C19B /* Products */ = {
			isa = PBXGroup;
			children = (
				B92C98D02C2F70470064C19B /* FetchChallenge.app */,
			);
			name = Products;
			sourceTree = "<group>";
		};
		B92C98D22C2F70470064C19B /* FetchChallenge */ = {
			isa = PBXGroup;
			children = (
				B92C98D32C2F70470064C19B /* FetchChallengeApp.swift */,
				B92C98E92C2F7A4B0064C19B /* Model */,
				B92C98EC2C2F83F10064C19B /* Screens */,
				B92C98EA2C2F7A510064C19B /* Views */,
				B92C98EB2C2F7A7E0064C19B /* Other */,
				B92C98D72C2F70470064C19B /* Assets.xcassets */,
				B92C98D92C2F70470064C19B /* Preview Content */,
			);
			path = FetchChallenge;
			sourceTree = "<group>";
		};
		B92C98D92C2F70470064C19B /* Preview Content */ = {
			isa = PBXGroup;
			children = (
				B92C98DA2C2F70470064C19B /* Preview Assets.xcassets */,
			);
			path = "Preview Content";
			sourceTree = "<group>";
		};
		B92C98E92C2F7A4B0064C19B /* Model */ = {
			isa = PBXGroup;
			children = (
				B92C98E12C2F70D10064C19B /* Meal.swift */,
			);
			path = Model;
			sourceTree = "<group>";
		};
		B92C98EA2C2F7A510064C19B /* Views */ = {
			isa = PBXGroup;
			children = (
				B92C98E32C2F71F60064C19B /* MealCellView.swift */,
			);
			path = Views;
			sourceTree = "<group>";
		};
		B92C98EB2C2F7A7E0064C19B /* Other */ = {
			isa = PBXGroup;
			children = (
				B92C98E72C2F79470064C19B /* NetworkManager.swift */,
				B92C98E52C2F78200064C19B /* FCError.swift */,
			);
			path = Other;
			sourceTree = "<group>";
		};
		B92C98EC2C2F83F10064C19B /* Screens */ = {
			isa = PBXGroup;
			children = (
				B92C98D52C2F70470064C19B /* MenuView.swift */,
				B92C98F22C3266780064C19B /* SettingsView.swift */,
				B92C98F02C2F921D0064C19B /* MealDetailView.swift */,
			);
			path = Screens;
			sourceTree = "<group>";
		};
/* End PBXGroup section */

/* Begin PBXNativeTarget section */
		B92C98CF2C2F70470064C19B /* FetchChallenge */ = {
			isa = PBXNativeTarget;
			buildConfigurationList = B92C98DE2C2F70470064C19B /* Build configuration list for PBXNativeTarget "FetchChallenge" */;
			buildPhases = (
				B92C98CC2C2F70470064C19B /* Sources */,
				B92C98CD2C2F70470064C19B /* Frameworks */,
				B92C98CE2C2F70470064C19B /* Resources */,
			);
			buildRules = (
			);
			dependencies = (
			);
			name = FetchChallenge;
			packageProductDependencies = (
				B92C98EE2C2F86600064C19B /* CachedAsyncImage */,
			);
			productName = FetchChallenge;
			productReference = B92C98D02C2F70470064C19B /* FetchChallenge.app */;
			productType = "com.apple.product-type.application";
		};
/* End PBXNativeTarget section */

/* Begin PBXProject section */
		B92C98C82C2F70470064C19B /* Project object */ = {
			isa = PBXProject;
			attributes = {
				BuildIndependentTargetsInParallel = 1;
				LastSwiftUpdateCheck = 1540;
				LastUpgradeCheck = 1540;
				TargetAttributes = {
					B92C98CF2C2F70470064C19B = {
						CreatedOnToolsVersion = 15.4;
					};
				};
			};
			buildConfigurationList = B92C98CB2C2F70470064C19B /* Build configuration list for PBXProject "FetchChallenge" */;
			compatibilityVersion = "Xcode 14.0";
			developmentRegion = en;
			hasScannedForEncodings = 0;
			knownRegions = (
				en,
				Base,
			);
			mainGroup = B92C98C72C2F70470064C19B;
			packageReferences = (
				B92C98ED2C2F86600064C19B /* XCRemoteSwiftPackageReference "swiftui-cached-async-image" */,
			);
			productRefGroup = B92C98D12C2F70470064C19B /* Products */;
			projectDirPath = "";
			projectRoot = "";
			targets = (
				B92C98CF2C2F70470064C19B /* FetchChallenge */,
			);
		};
/* End PBXProject section */

/* Begin PBXResourcesBuildPhase section */
		B92C98CE2C2F70470064C19B /* Resources */ = {
			isa = PBXResourcesBuildPhase;
			buildActionMask = 2147483647;
			files = (
				B92C98DB2C2F70470064C19B /* Preview Assets.xcassets in Resources */,
				B92C98D82C2F70470064C19B /* Assets.xcassets in Resources */,
			);
			runOnlyForDeploymentPostprocessing = 0;
		};
/* End PBXResourcesBuildPhase section */

/* Begin PBXSourcesBuildPhase section */
		B92C98CC2C2F70470064C19B /* Sources */ = {
			isa = PBXSourcesBuildPhase;
			buildActionMask = 2147483647;
			files = (
				B92C98E82C2F79470064C19B /* NetworkManager.swift in Sources */,
				B92C98F32C3266780064C19B /* SettingsView.swift in Sources */,
				B92C98E22C2F70D10064C19B /* Meal.swift in Sources */,
				B92C98E42C2F71F60064C19B /* MealCellView.swift in Sources */,
				B92C98D62C2F70470064C19B /* MenuView.swift in Sources */,
				B92C98F12C2F921D0064C19B /* MealDetailView.swift in Sources */,
				B92C98D42C2F70470064C19B /* FetchChallengeApp.swift in Sources */,
				B92C98E62C2F78200064C19B /* FCError.swift in Sources */,
			);
			runOnlyForDeploymentPostprocessing = 0;
		};
/* End PBXSourcesBuildPhase section */

/* Begin XCBuildConfiguration section */
		B92C98DC2C2F70470064C19B /* Debug */ = {
			isa = XCBuildConfiguration;
			buildSettings = {
				ALWAYS_SEARCH_USER_PATHS = NO;
				ASSETCATALOG_COMPILER_GENERATE_SWIFT_ASSET_SYMBOL_EXTENSIONS = YES;
				CLANG_ANALYZER_NONNULL = YES;
				CLANG_ANALYZER_NUMBER_OBJECT_CONVERSION = YES_AGGRESSIVE;
				CLANG_CXX_LANGUAGE_STANDARD = "gnu++20";
				CLANG_ENABLE_MODULES = YES;
				CLANG_ENABLE_OBJC_ARC = YES;
				CLANG_ENABLE_OBJC_WEAK = YES;
				CLANG_WARN_BLOCK_CAPTURE_AUTORELEASING = YES;
				CLANG_WARN_BOOL_CONVERSION = YES;
				CLANG_WARN_COMMA = YES;
				CLANG_WARN_CONSTANT_CONVERSION = YES;
				CLANG_WARN_DEPRECATED_OBJC_IMPLEMENTATIONS = YES;
				CLANG_WARN_DIRECT_OBJC_ISA_USAGE = YES_ERROR;
				CLANG_WARN_DOCUMENTATION_COMMENTS = YES;
				CLANG_WARN_EMPTY_BODY = YES;
				CLANG_WARN_ENUM_CONVERSION = YES;
				CLANG_WARN_INFINITE_RECURSION = YES;
				CLANG_WARN_INT_CONVERSION = YES;
				CLANG_WARN_NON_LITERAL_NULL_CONVERSION = YES;
				CLANG_WARN_OBJC_IMPLICIT_RETAIN_SELF = YES;
				CLANG_WARN_OBJC_LITERAL_CONVERSION = YES;
				CLANG_WARN_OBJC_ROOT_CLASS = YES_ERROR;
				CLANG_WARN_QUOTED_INCLUDE_IN_FRAMEWORK_HEADER = YES;
				CLANG_WARN_RANGE_LOOP_ANALYSIS = YES;
				CLANG_WARN_STRICT_PROTOTYPES = YES;
				CLANG_WARN_SUSPICIOUS_MOVE = YES;
				CLANG_WARN_UNGUARDED_AVAILABILITY = YES_AGGRESSIVE;
				CLANG_WARN_UNREACHABLE_CODE = YES;
				CLANG_WARN__DUPLICATE_METHOD_MATCH = YES;
				COPY_PHASE_STRIP = NO;
				DEBUG_INFORMATION_FORMAT = dwarf;
				ENABLE_STRICT_OBJC_MSGSEND = YES;
				ENABLE_TESTABILITY = YES;
				ENABLE_USER_SCRIPT_SANDBOXING = YES;
				GCC_C_LANGUAGE_STANDARD = gnu17;
				GCC_DYNAMIC_NO_PIC = NO;
				GCC_NO_COMMON_BLOCKS = YES;
				GCC_OPTIMIZATION_LEVEL = 0;
				GCC_PREPROCESSOR_DEFINITIONS = (
					"DEBUG=1",
					"$(inherited)",
				);
				GCC_WARN_64_TO_32_BIT_CONVERSION = YES;
				GCC_WARN_ABOUT_RETURN_TYPE = YES_ERROR;
				GCC_WARN_UNDECLARED_SELECTOR = YES;
				GCC_WARN_UNINITIALIZED_AUTOS = YES_AGGRESSIVE;
				GCC_WARN_UNUSED_FUNCTION = YES;
				GCC_WARN_UNUSED_VARIABLE = YES;
				IPHONEOS_DEPLOYMENT_TARGET = 17.5;
				LOCALIZATION_PREFERS_STRING_CATALOGS = YES;
				MTL_ENABLE_DEBUG_INFO = INCLUDE_SOURCE;
				MTL_FAST_MATH = YES;
				ONLY_ACTIVE_ARCH = YES;
				SDKROOT = iphoneos;
				SWIFT_ACTIVE_COMPILATION_CONDITIONS = "DEBUG $(inherited)";
				SWIFT_OPTIMIZATION_LEVEL = "-Onone";
			};
			name = Debug;
		};
		B92C98DD2C2F70470064C19B /* Release */ = {
			isa = XCBuildConfiguration;
			buildSettings = {
				ALWAYS_SEARCH_USER_PATHS = NO;
				ASSETCATALOG_COMPILER_GENERATE_SWIFT_ASSET_SYMBOL_EXTENSIONS = YES;
				CLANG_ANALYZER_NONNULL = YES;
				CLANG_ANALYZER_NUMBER_OBJECT_CONVERSION = YES_AGGRESSIVE;
				CLANG_CXX_LANGUAGE_STANDARD = "gnu++20";
				CLANG_ENABLE_MODULES = YES;
				CLANG_ENABLE_OBJC_ARC = YES;
				CLANG_ENABLE_OBJC_WEAK = YES;
				CLANG_WARN_BLOCK_CAPTURE_AUTORELEASING = YES;
				CLANG_WARN_BOOL_CONVERSION = YES;
				CLANG_WARN_COMMA = YES;
				CLANG_WARN_CONSTANT_CONVERSION = YES;
				CLANG_WARN_DEPRECATED_OBJC_IMPLEMENTATIONS = YES;
				CLANG_WARN_DIRECT_OBJC_ISA_USAGE = YES_ERROR;
				CLANG_WARN_DOCUMENTATION_COMMENTS = YES;
				CLANG_WARN_EMPTY_BODY = YES;
				CLANG_WARN_ENUM_CONVERSION = YES;
				CLANG_WARN_INFINITE_RECURSION = YES;
				CLANG_WARN_INT_CONVERSION = YES;
				CLANG_WARN_NON_LITERAL_NULL_CONVERSION = YES;
				CLANG_WARN_OBJC_IMPLICIT_RETAIN_SELF = YES;
				CLANG_WARN_OBJC_LITERAL_CONVERSION = YES;
				CLANG_WARN_OBJC_ROOT_CLASS = YES_ERROR;
				CLANG_WARN_QUOTED_INCLUDE_IN_FRAMEWORK_HEADER = YES;
				CLANG_WARN_RANGE_LOOP_ANALYSIS = YES;
				CLANG_WARN_STRICT_PROTOTYPES = YES;
				CLANG_WARN_SUSPICIOUS_MOVE = YES;
				CLANG_WARN_UNGUARDED_AVAILABILITY = YES_AGGRESSIVE;
				CLANG_WARN_UNREACHABLE_CODE = YES;
				CLANG_WARN__DUPLICATE_METHOD_MATCH = YES;
				COPY_PHASE_STRIP = NO;
				DEBUG_INFORMATION_FORMAT = "dwarf-with-dsym";
				ENABLE_NS_ASSERTIONS = NO;
				ENABLE_STRICT_OBJC_MSGSEND = YES;
				ENABLE_USER_SCRIPT_SANDBOXING = YES;
				GCC_C_LANGUAGE_STANDARD = gnu17;
				GCC_NO_COMMON_BLOCKS = YES;
				GCC_WARN_64_TO_32_BIT_CONVERSION = YES;
				GCC_WARN_ABOUT_RETURN_TYPE = YES_ERROR;
				GCC_WARN_UNDECLARED_SELECTOR = YES;
				GCC_WARN_UNINITIALIZED_AUTOS = YES_AGGRESSIVE;
				GCC_WARN_UNUSED_FUNCTION = YES;
				GCC_WARN_UNUSED_VARIABLE = YES;
				IPHONEOS_DEPLOYMENT_TARGET = 17.5;
				LOCALIZATION_PREFERS_STRING_CATALOGS = YES;
				MTL_ENABLE_DEBUG_INFO = NO;
				MTL_FAST_MATH = YES;
				SDKROOT = iphoneos;
				SWIFT_COMPILATION_MODE = wholemodule;
				VALIDATE_PRODUCT = YES;
			};
			name = Release;
		};
		B92C98DF2C2F70470064C19B /* Debug */ = {
			isa = XCBuildConfiguration;
			buildSettings = {
				ASSETCATALOG_COMPILER_APPICON_NAME = AppIcon;
				ASSETCATALOG_COMPILER_GLOBAL_ACCENT_COLOR_NAME = AccentColor;
				CODE_SIGN_STYLE = Automatic;
				CURRENT_PROJECT_VERSION = 1;
				DEVELOPMENT_ASSET_PATHS = "\"FetchChallenge/Preview Content\"";
				DEVELOPMENT_TEAM = 6ADU7T5Q7V;
				ENABLE_PREVIEWS = YES;
				GENERATE_INFOPLIST_FILE = YES;
				INFOPLIST_KEY_UIApplicationSceneManifest_Generation = YES;
				INFOPLIST_KEY_UIApplicationSupportsIndirectInputEvents = YES;
				INFOPLIST_KEY_UILaunchScreen_Generation = YES;
				INFOPLIST_KEY_UISupportedInterfaceOrientations_iPad = "UIInterfaceOrientationPortrait UIInterfaceOrientationPortraitUpsideDown UIInterfaceOrientationLandscapeLeft UIInterfaceOrientationLandscapeRight";
				INFOPLIST_KEY_UISupportedInterfaceOrientations_iPhone = "UIInterfaceOrientationPortrait UIInterfaceOrientationLandscapeLeft UIInterfaceOrientationLandscapeRight";
				LD_RUNPATH_SEARCH_PATHS = (
					"$(inherited)",
					"@executable_path/Frameworks",
				);
				MARKETING_VERSION = 1.0;
				PRODUCT_BUNDLE_IDENTIFIER = com.daniel.FetchChallenge;
				PRODUCT_NAME = "$(TARGET_NAME)";
				SWIFT_EMIT_LOC_STRINGS = YES;
				SWIFT_VERSION = 5.0;
				TARGETED_DEVICE_FAMILY = "1,2";
			};
			name = Debug;
		};
		B92C98E02C2F70470064C19B /* Release */ = {
			isa = XCBuildConfiguration;
			buildSettings = {
				ASSETCATALOG_COMPILER_APPICON_NAME = AppIcon;
				ASSETCATALOG_COMPILER_GLOBAL_ACCENT_COLOR_NAME = AccentColor;
				CODE_SIGN_STYLE = Automatic;
				CURRENT_PROJECT_VERSION = 1;
				DEVELOPMENT_ASSET_PATHS = "\"FetchChallenge/Preview Content\"";
				DEVELOPMENT_TEAM = 6ADU7T5Q7V;
				ENABLE_PREVIEWS = YES;
				GENERATE_INFOPLIST_FILE = YES;
				INFOPLIST_KEY_UIApplicationSceneManifest_Generation = YES;
				INFOPLIST_KEY_UIApplicationSupportsIndirectInputEvents = YES;
				INFOPLIST_KEY_UILaunchScreen_Generation = YES;
				INFOPLIST_KEY_UISupportedInterfaceOrientations_iPad = "UIInterfaceOrientationPortrait UIInterfaceOrientationPortraitUpsideDown UIInterfaceOrientationLandscapeLeft UIInterfaceOrientationLandscapeRight";
				INFOPLIST_KEY_UISupportedInterfaceOrientations_iPhone = "UIInterfaceOrientationPortrait UIInterfaceOrientationLandscapeLeft UIInterfaceOrientationLandscapeRight";
				LD_RUNPATH_SEARCH_PATHS = (
					"$(inherited)",
					"@executable_path/Frameworks",
				);
				MARKETING_VERSION = 1.0;
				PRODUCT_BUNDLE_IDENTIFIER = com.daniel.FetchChallenge;
				PRODUCT_NAME = "$(TARGET_NAME)";
				SWIFT_EMIT_LOC_STRINGS = YES;
				SWIFT_VERSION = 5.0;
				TARGETED_DEVICE_FAMILY = "1,2";
			};
			name = Release;
		};
/* End XCBuildConfiguration section */

/* Begin XCConfigurationList section */
		B92C98CB2C2F70470064C19B /* Build configuration list for PBXProject "FetchChallenge" */ = {
			isa = XCConfigurationList;
			buildConfigurations = (
				B92C98DC2C2F70470064C19B /* Debug */,
				B92C98DD2C2F70470064C19B /* Release */,
			);
			defaultConfigurationIsVisible = 0;
			defaultConfigurationName = Release;
		};
		B92C98DE2C2F70470064C19B /* Build configuration list for PBXNativeTarget "FetchChallenge" */ = {
			isa = XCConfigurationList;
			buildConfigurations = (
				B92C98DF2C2F70470064C19B /* Debug */,
				B92C98E02C2F70470064C19B /* Release */,
			);
			defaultConfigurationIsVisible = 0;
			defaultConfigurationName = Release;
		};
/* End XCConfigurationList section */

/* Begin XCRemoteSwiftPackageReference section */
		B92C98ED2C2F86600064C19B /* XCRemoteSwiftPackageReference "swiftui-cached-async-image" */ = {
			isa = XCRemoteSwiftPackageReference;
			repositoryURL = "https://github.com/lorenzofiamingo/swiftui-cached-async-image";
			requirement = {
				kind = upToNextMajorVersion;
				minimumVersion = 2.1.1;
			};
		};
/* End XCRemoteSwiftPackageReference section */

/* Begin XCSwiftPackageProductDependency section */
		B92C98EE2C2F86600064C19B /* CachedAsyncImage */ = {
			isa = XCSwiftPackageProductDependency;
			package = B92C98ED2C2F86600064C19B /* XCRemoteSwiftPackageReference "swiftui-cached-async-image" */;
			productName = CachedAsyncImage;
		};
/* End XCSwiftPackageProductDependency section */
	};
	rootObject = B92C98C82C2F70470064C19B /* Project object */;
}
